{
  "name": "demowx",
  "version": "1.0.0",
  "lockfileVersion": 3,
  "requires": true,
  "packages": {
    "": {
      "name": "demowx",
      "version": "1.0.0",
      "license": "ISC",
      "dependencies": {
        "@dcloudio/uni-app": "^2.0.2-4070620250821001",
        "@dcloudio/uni-mp-weixin": "^2.0.2-4070620250821001",
        "tdesign-miniprogram": "^1.10.1",
        "tslib": "^2.8.1",
        "vue": "^2.6.14"
      }
    },
    "node_modules/@dcloudio/types": {
      "version": "3.4.24",
      "resolved": "https://registry.npmjs.org/@dcloudio/types/-/types-3.4.24.tgz",
      "integrity": "sha512-jde2ZNlgOtLrUWSI81golOWkl4vD4C+loEuHStPq1MwThvlgLVVQIvyKNc/RBFMEVEg///GtcmIvbro/4DqvZw==",
      "license": "Apache-2.0",
      "peer": true
    },
    "node_modules/@dcloudio/uni-app": {
      "version": "2.0.2-4070620250821001",
      "resolved": "https://registry.npmjs.org/@dcloudio/uni-app/-/uni-app-2.0.2-4070620250821001.tgz",
      "integrity": "sha512-kZBLLRmFsF3HvqfgTKHh1NDb1G7L5jJXZ3rncrGnaIirc6mE4jpBoSeqQY5jFxgQXFdJVXsHvLezBi13XiqazA==",
      "license": "Apache-2.0",
      "peerDependencies": {
        "@dcloudio/types": "^3.0.15",
        "@vue/composition-api": "^1.7.0"
      }
    },
    "node_modules/@dcloudio/uni-mp-weixin": {
      "version": "2.0.2-4070620250821001",
      "resolved": "https://registry.npmjs.org/@dcloudio/uni-mp-weixin/-/uni-mp-weixin-2.0.2-4070620250821001.tgz",
      "integrity": "sha512-UfreIiWV3LKi5RVg/5MBL14pE87RvY2KGxdr4JY0B87gSCDvjwq/n7cTG8OhHoM41M0be2dEsurj9P6ZKL/YOA==",
      "license": "Apache-2.0"
    },
    "node_modules/@vue/composition-api": {
      "version": "1.7.2",
      "resolved": "https://registry.npmjs.org/@vue/composition-api/-/composition-api-1.7.2.tgz",
      "integrity": "sha512-M8jm9J/laYrYT02665HkZ5l2fWTK4dcVg3BsDHm/pfz+MjDYwX+9FUaZyGwEyXEDonQYRCo0H7aLgdklcIELjw==",
      "license": "MIT",
      "peer": true,
      "peerDependencies": {
        "vue": ">= 2.5 < 2.7"
      }
    },
    "node_modules/tdesign-miniprogram": {
      "version": "1.10.1",
      "resolved": "https://registry.npmjs.org/tdesign-miniprogram/-/tdesign-miniprogram-1.10.1.tgz",
      "integrity": "sha512-rKM3JYfJGB+R9G/yp6kGVN0Kc0hKqKoQnpoWm7OVrXNsYM0dlJXwTf+WsLkQtgUyfM20taqNaxXD852Bx7IseQ==",
      "license": "MIT"
    },
    "node_modules/tslib": {
      "version": "2.8.1",
      "resolved": "https://registry.npmjs.org/tslib/-/tslib-2.8.1.tgz",
      "integrity": "sha512-oJFu94HQb+KVduSUQL7wnpmqnfmLsOA/nAh6b6EH0wCEoK0/mPeXU6c3wKDV83MkOuHPRHtSXKKU99IBazS/2w==",
      "license": "0BSD"
    },
    "node_modules/vue": {
      "version": "2.6.14",
      "resolved": "https://registry.npmjs.org/vue/-/vue-2.6.14.tgz",
      "integrity": "sha512-x2284lgYvjOMj3Za7kqzRcUSxBboHqtgRE2zlos1qWaOye5yUmHn42LB1250NJBLRwEcdrB0JRwyPTEPhfQjiQ==",
      "deprecated": "Vue 2 has reached EOL and is no longer actively maintained. See https://v2.vuejs.org/eol/ for more details.",
      "license": "MIT"
    }
  }
}
